
Microsoft Visual Studio Solution File, Format Version 12.00
# Visual Studio 14
VisualStudioVersion = 14.0.25420.1
MinimumVisualStudioVersion = 10.0.40219.1
Project("{FAE04EC0-301F-11D3-BF4B-00C04F79EFBC}") = "IsideLogic", "IsideLogic\IsideLogic.csproj", "{42C39FC4-2137-47E3-BEA0-7440208CCFDF}"
EndProject
Project("{FAE04EC0-301F-11D3-BF4B-00C04F79EFBC}") = "IsideFolder", "IsideFolder\IsideFolder.csproj", "{0A2C2E5C-3364-43ED-9475-B749F907D803}"
EndProject
Project("{FAE04EC0-301F-11D3-BF4B-00C04F79EFBC}") = "WPFUtils", "WPF_UIUtils\WPFUtils.csproj", "{62D8F3DE-3C06-420B-865A-16A3F4195B25}"
EndProject
Project("{FAE04EC0-301F-11D3-BF4B-00C04F79EFBC}") = "Iside", "Iside\Iside.csproj", "{C73CED2A-F946-4DC7-8BA6-DA34CD44FA9C}"
EndProject
Project("{FAE04EC0-301F-11D3-BF4B-00C04F79EFBC}") = "IsideCopyVerify", "IsideCopyVerify\IsideCopyVerify.csproj", "{EA7C80D2-055C-49C0-8B5E-2D7959648671}"
EndProject
Project("{FAE04EC0-301F-11D3-BF4B-00C04F79EFBC}") = "AxsUtils", "AxsUtils\AxsUtils.csproj", "{DA8CBD6F-8CA0-4F68-8676-B3E05BC2D32E}"
EndProject
Project("{FAE04EC0-301F-11D3-BF4B-00C04F79EFBC}") = "CheckForUpdatesWPF", "CheckForUpdatesWPF\CheckForUpdatesWPF.csproj", "{1062B438-0AA5-4395-8C8E-1A80022934D4}"
EndProject
Project("{FAE04EC0-301F-11D3-BF4B-00C04F79EFBC}") = "ColorFont", "ColorFont\ColorFont\ColorFont.csproj", "{C51DEEDA-B581-401B-870B-DBB7D10119BF}"
EndProject
Project("{FAE04EC0-301F-11D3-BF4B-00C04F79EFBC}") = "LLCryptoLib", "LLCryptoLib\LLCryptoLib.csproj", "{38A6A3AB-7A3F-48C3-A8FF-662D6307C07C}"
EndProject
Project("{FAE04EC0-301F-11D3-BF4B-00C04F79EFBC}") = "VisualPrint", "VisualPrint\VisualPrint\VisualPrint.csproj", "{D239EFD3-2871-47FA-BE04-F13209FF2225}"
EndProject
Project("{FAE04EC0-301F-11D3-BF4B-00C04F79EFBC}") = "Core", "Windows API Code Pack 1.1\source\WindowsAPICodePack\Core\Core.csproj", "{2E1FB0DF-F9BB-4909-9F32-2D9D022A8E57}"
EndProject
Project("{FAE04EC0-301F-11D3-BF4B-00C04F79EFBC}") = "Shell", "Windows API Code Pack 1.1\source\WindowsAPICodePack\Shell\Shell.csproj", "{AA0C00CB-8699-4F37-BFAE-40CA87ACC06D}"
EndProject
Project("{FAE04EC0-301F-11D3-BF4B-00C04F79EFBC}") = "LiteErrorReportWPF", "LiteErrorReportWPF\LiteErrorReportWPF.csproj", "{0F0633D4-070D-4C15-8090-98F4E5AF07B4}"
EndProject
Project("{FAE04EC0-301F-11D3-BF4B-00C04F79EFBC}") = "LiteSerializer", "LiteSerializer\LiteSerializer.csproj", "{C6E36965-1B46-4943-9280-7FCABB2D667D}"
EndProject
Global
	GlobalSection(SolutionConfigurationPlatforms) = preSolution
		CodeAnalysisDebug|Any CPU = CodeAnalysisDebug|Any CPU
		CodeAnalysisDebug|Mixed Platforms = CodeAnalysisDebug|Mixed Platforms
		CodeAnalysisDebug|x64 = CodeAnalysisDebug|x64
		CodeAnalysisDebug|x86 = CodeAnalysisDebug|x86
		Debug|Any CPU = Debug|Any CPU
		Debug|Mixed Platforms = Debug|Mixed Platforms
		Debug|x64 = Debug|x64
		Debug|x86 = Debug|x86
		Distribution|Any CPU = Distribution|Any CPU
		Distribution|Mixed Platforms = Distribution|Mixed Platforms
		Distribution|x64 = Distribution|x64
		Distribution|x86 = Distribution|x86
		Release|Any CPU = Release|Any CPU
		Release|Mixed Platforms = Release|Mixed Platforms
		Release|x64 = Release|x64
		Release|x86 = Release|x86
		Release64|Any CPU = Release64|Any CPU
		Release64|Mixed Platforms = Release64|Mixed Platforms
		Release64|x64 = Release64|x64
		Release64|x86 = Release64|x86
	EndGlobalSection
	GlobalSection(ProjectConfigurationPlatforms) = postSolution
		{42C39FC4-2137-47E3-BEA0-7440208CCFDF}.CodeAnalysisDebug|Any CPU.ActiveCfg = Debug|Any CPU
		{42C39FC4-2137-47E3-BEA0-7440208CCFDF}.CodeAnalysisDebug|Any CPU.Build.0 = Debug|Any CPU
		{42C39FC4-2137-47E3-BEA0-7440208CCFDF}.CodeAnalysisDebug|Mixed Platforms.ActiveCfg = Debug|Any CPU
		{42C39FC4-2137-47E3-BEA0-7440208CCFDF}.CodeAnalysisDebug|Mixed Platforms.Build.0 = Debug|Any CPU
		{42C39FC4-2137-47E3-BEA0-7440208CCFDF}.CodeAnalysisDebug|x64.ActiveCfg = Debug|Any CPU
		{42C39FC4-2137-47E3-BEA0-7440208CCFDF}.CodeAnalysisDebug|x86.ActiveCfg = Debug|Any CPU
		{42C39FC4-2137-47E3-BEA0-7440208CCFDF}.Debug|Any CPU.ActiveCfg = Debug|Any CPU
		{42C39FC4-2137-47E3-BEA0-7440208CCFDF}.Debug|Any CPU.Build.0 = Debug|Any CPU
		{42C39FC4-2137-47E3-BEA0-7440208CCFDF}.Debug|Mixed Platforms.ActiveCfg = Debug|Any CPU
		{42C39FC4-2137-47E3-BEA0-7440208CCFDF}.Debug|Mixed Platforms.Build.0 = Debug|Any CPU
		{42C39FC4-2137-47E3-BEA0-7440208CCFDF}.Debug|x64.ActiveCfg = Debug|Any CPU
		{42C39FC4-2137-47E3-BEA0-7440208CCFDF}.Debug|x86.ActiveCfg = Debug|Any CPU
		{42C39FC4-2137-47E3-BEA0-7440208CCFDF}.Distribution|Any CPU.ActiveCfg = Debug|Any CPU
		{42C39FC4-2137-47E3-BEA0-7440208CCFDF}.Distribution|Any CPU.Build.0 = Debug|Any CPU
		{42C39FC4-2137-47E3-BEA0-7440208CCFDF}.Distribution|Mixed Platforms.ActiveCfg = Debug|Any CPU
		{42C39FC4-2137-47E3-BEA0-7440208CCFDF}.Distribution|Mixed Platforms.Build.0 = Debug|Any CPU
		{42C39FC4-2137-47E3-BEA0-7440208CCFDF}.Distribution|x64.ActiveCfg = Debug|Any CPU
		{42C39FC4-2137-47E3-BEA0-7440208CCFDF}.Distribution|x86.ActiveCfg = Debug|Any CPU
		{42C39FC4-2137-47E3-BEA0-7440208CCFDF}.Release|Any CPU.ActiveCfg = Release|Any CPU
		{42C39FC4-2137-47E3-BEA0-7440208CCFDF}.Release|Any CPU.Build.0 = Release|Any CPU
		{42C39FC4-2137-47E3-BEA0-7440208CCFDF}.Release|Mixed Platforms.ActiveCfg = Release|Any CPU
		{42C39FC4-2137-47E3-BEA0-7440208CCFDF}.Release|Mixed Platforms.Build.0 = Release|Any CPU
		{42C39FC4-2137-47E3-BEA0-7440208CCFDF}.Release|x64.ActiveCfg = Release|Any CPU
		{42C39FC4-2137-47E3-BEA0-7440208CCFDF}.Release|x86.ActiveCfg = Release|Any CPU
		{42C39FC4-2137-47E3-BEA0-7440208CCFDF}.Release|x86.Build.0 = Release|Any CPU
		{42C39FC4-2137-47E3-BEA0-7440208CCFDF}.Release64|Any CPU.ActiveCfg = Release64|Any CPU
		{42C39FC4-2137-47E3-BEA0-7440208CCFDF}.Release64|Any CPU.Build.0 = Release64|Any CPU
		{42C39FC4-2137-47E3-BEA0-7440208CCFDF}.Release64|Mixed Platforms.ActiveCfg = Release64|Any CPU
		{42C39FC4-2137-47E3-BEA0-7440208CCFDF}.Release64|Mixed Platforms.Build.0 = Release64|Any CPU
		{42C39FC4-2137-47E3-BEA0-7440208CCFDF}.Release64|x64.ActiveCfg = Release64|Any CPU
		{42C39FC4-2137-47E3-BEA0-7440208CCFDF}.Release64|x64.Build.0 = Release64|Any CPU
		{42C39FC4-2137-47E3-BEA0-7440208CCFDF}.Release64|x86.ActiveCfg = Release64|Any CPU
		{42C39FC4-2137-47E3-BEA0-7440208CCFDF}.Release64|x86.Build.0 = Release64|Any CPU
		{0A2C2E5C-3364-43ED-9475-B749F907D803}.CodeAnalysisDebug|Any CPU.ActiveCfg = Debug|Any CPU
		{0A2C2E5C-3364-43ED-9475-B749F907D803}.CodeAnalysisDebug|Any CPU.Build.0 = Debug|Any CPU
		{0A2C2E5C-3364-43ED-9475-B749F907D803}.CodeAnalysisDebug|Mixed Platforms.ActiveCfg = Debug|Any CPU
		{0A2C2E5C-3364-43ED-9475-B749F907D803}.CodeAnalysisDebug|Mixed Platforms.Build.0 = Debug|Any CPU
		{0A2C2E5C-3364-43ED-9475-B749F907D803}.CodeAnalysisDebug|x64.ActiveCfg = Debug|Any CPU
		{0A2C2E5C-3364-43ED-9475-B749F907D803}.CodeAnalysisDebug|x86.ActiveCfg = Debug|Any CPU
		{0A2C2E5C-3364-43ED-9475-B749F907D803}.Debug|Any CPU.ActiveCfg = Debug|Any CPU
		{0A2C2E5C-3364-43ED-9475-B749F907D803}.Debug|Any CPU.Build.0 = Debug|Any CPU
		{0A2C2E5C-3364-43ED-9475-B749F907D803}.Debug|Mixed Platforms.ActiveCfg = Debug|Any CPU
		{0A2C2E5C-3364-43ED-9475-B749F907D803}.Debug|Mixed Platforms.Build.0 = Debug|Any CPU
		{0A2C2E5C-3364-43ED-9475-B749F907D803}.Debug|x64.ActiveCfg = Debug|Any CPU
		{0A2C2E5C-3364-43ED-9475-B749F907D803}.Debug|x86.ActiveCfg = Debug|Any CPU
		{0A2C2E5C-3364-43ED-9475-B749F907D803}.Distribution|Any CPU.ActiveCfg = Debug|Any CPU
		{0A2C2E5C-3364-43ED-9475-B749F907D803}.Distribution|Any CPU.Build.0 = Debug|Any CPU
		{0A2C2E5C-3364-43ED-9475-B749F907D803}.Distribution|Mixed Platforms.ActiveCfg = Debug|Any CPU
		{0A2C2E5C-3364-43ED-9475-B749F907D803}.Distribution|Mixed Platforms.Build.0 = Debug|Any CPU
		{0A2C2E5C-3364-43ED-9475-B749F907D803}.Distribution|x64.ActiveCfg = Debug|Any CPU
		{0A2C2E5C-3364-43ED-9475-B749F907D803}.Distribution|x86.ActiveCfg = Debug|Any CPU
		{0A2C2E5C-3364-43ED-9475-B749F907D803}.Release|Any CPU.ActiveCfg = Release|Any CPU
		{0A2C2E5C-3364-43ED-9475-B749F907D803}.Release|Any CPU.Build.0 = Release|Any CPU
		{0A2C2E5C-3364-43ED-9475-B749F907D803}.Release|Mixed Platforms.ActiveCfg = Release|Any CPU
		{0A2C2E5C-3364-43ED-9475-B749F907D803}.Release|Mixed Platforms.Build.0 = Release|Any CPU
		{0A2C2E5C-3364-43ED-9475-B749F907D803}.Release|x64.ActiveCfg = Release|Any CPU
		{0A2C2E5C-3364-43ED-9475-B749F907D803}.Release|x86.ActiveCfg = Release|Any CPU
		{0A2C2E5C-3364-43ED-9475-B749F907D803}.Release|x86.Build.0 = Release|Any CPU
		{0A2C2E5C-3364-43ED-9475-B749F907D803}.Release64|Any CPU.ActiveCfg = Release|Any CPU
		{0A2C2E5C-3364-43ED-9475-B749F907D803}.Release64|Any CPU.Build.0 = Release|Any CPU
		{0A2C2E5C-3364-43ED-9475-B749F907D803}.Release64|Mixed Platforms.ActiveCfg = Release|Any CPU
		{0A2C2E5C-3364-43ED-9475-B749F907D803}.Release64|Mixed Platforms.Build.0 = Release|Any CPU
		{0A2C2E5C-3364-43ED-9475-B749F907D803}.Release64|x64.ActiveCfg = Release|Any CPU
		{0A2C2E5C-3364-43ED-9475-B749F907D803}.Release64|x64.Build.0 = Release|Any CPU
		{0A2C2E5C-3364-43ED-9475-B749F907D803}.Release64|x86.ActiveCfg = Release|Any CPU
		{0A2C2E5C-3364-43ED-9475-B749F907D803}.Release64|x86.Build.0 = Release|Any CPU
		{62D8F3DE-3C06-420B-865A-16A3F4195B25}.CodeAnalysisDebug|Any CPU.ActiveCfg = Debug|Any CPU
		{62D8F3DE-3C06-420B-865A-16A3F4195B25}.CodeAnalysisDebug|Any CPU.Build.0 = Debug|Any CPU
		{62D8F3DE-3C06-420B-865A-16A3F4195B25}.CodeAnalysisDebug|Mixed Platforms.ActiveCfg = Debug|Any CPU
		{62D8F3DE-3C06-420B-865A-16A3F4195B25}.CodeAnalysisDebug|Mixed Platforms.Build.0 = Debug|Any CPU
		{62D8F3DE-3C06-420B-865A-16A3F4195B25}.CodeAnalysisDebug|x64.ActiveCfg = Debug|Any CPU
		{62D8F3DE-3C06-420B-865A-16A3F4195B25}.CodeAnalysisDebug|x86.ActiveCfg = Debug|Any CPU
		{62D8F3DE-3C06-420B-865A-16A3F4195B25}.Debug|Any CPU.ActiveCfg = Debug|Any CPU
		{62D8F3DE-3C06-420B-865A-16A3F4195B25}.Debug|Any CPU.Build.0 = Debug|Any CPU
		{62D8F3DE-3C06-420B-865A-16A3F4195B25}.Debug|Mixed Platforms.ActiveCfg = Debug|Any CPU
		{62D8F3DE-3C06-420B-865A-16A3F4195B25}.Debug|Mixed Platforms.Build.0 = Debug|Any CPU
		{62D8F3DE-3C06-420B-865A-16A3F4195B25}.Debug|x64.ActiveCfg = Debug|Any CPU
		{62D8F3DE-3C06-420B-865A-16A3F4195B25}.Debug|x86.ActiveCfg = Debug|Any CPU
		{62D8F3DE-3C06-420B-865A-16A3F4195B25}.Distribution|Any CPU.ActiveCfg = Debug|Any CPU
		{62D8F3DE-3C06-420B-865A-16A3F4195B25}.Distribution|Any CPU.Build.0 = Debug|Any CPU
		{62D8F3DE-3C06-420B-865A-16A3F4195B25}.Distribution|Mixed Platforms.ActiveCfg = Debug|Any CPU
		{62D8F3DE-3C06-420B-865A-16A3F4195B25}.Distribution|Mixed Platforms.Build.0 = Debug|Any CPU
		{62D8F3DE-3C06-420B-865A-16A3F4195B25}.Distribution|x64.ActiveCfg = Debug|Any CPU
		{62D8F3DE-3C06-420B-865A-16A3F4195B25}.Distribution|x86.ActiveCfg = Debug|Any CPU
		{62D8F3DE-3C06-420B-865A-16A3F4195B25}.Release|Any CPU.ActiveCfg = Release|Any CPU
		{62D8F3DE-3C06-420B-865A-16A3F4195B25}.Release|Any CPU.Build.0 = Release|Any CPU
		{62D8F3DE-3C06-420B-865A-16A3F4195B25}.Release|Mixed Platforms.ActiveCfg = Release|Any CPU
		{62D8F3DE-3C06-420B-865A-16A3F4195B25}.Release|Mixed Platforms.Build.0 = Release|Any CPU
		{62D8F3DE-3C06-420B-865A-16A3F4195B25}.Release|x64.ActiveCfg = Release|Any CPU
		{62D8F3DE-3C06-420B-865A-16A3F4195B25}.Release|x86.ActiveCfg = Release|Any CPU
		{62D8F3DE-3C06-420B-865A-16A3F4195B25}.Release|x86.Build.0 = Release|Any CPU
		{62D8F3DE-3C06-420B-865A-16A3F4195B25}.Release64|Any CPU.ActiveCfg = Release|Any CPU
		{62D8F3DE-3C06-420B-865A-16A3F4195B25}.Release64|Any CPU.Build.0 = Release|Any CPU
		{62D8F3DE-3C06-420B-865A-16A3F4195B25}.Release64|Mixed Platforms.ActiveCfg = Release|Any CPU
		{62D8F3DE-3C06-420B-865A-16A3F4195B25}.Release64|Mixed Platforms.Build.0 = Release|Any CPU
		{62D8F3DE-3C06-420B-865A-16A3F4195B25}.Release64|x64.ActiveCfg = Release|Any CPU
		{62D8F3DE-3C06-420B-865A-16A3F4195B25}.Release64|x64.Build.0 = Release|Any CPU
		{62D8F3DE-3C06-420B-865A-16A3F4195B25}.Release64|x86.ActiveCfg = Release|Any CPU
		{62D8F3DE-3C06-420B-865A-16A3F4195B25}.Release64|x86.Build.0 = Release|Any CPU
		{C73CED2A-F946-4DC7-8BA6-DA34CD44FA9C}.CodeAnalysisDebug|Any CPU.ActiveCfg = Debug|Any CPU
		{C73CED2A-F946-4DC7-8BA6-DA34CD44FA9C}.CodeAnalysisDebug|Any CPU.Build.0 = Debug|Any CPU
		{C73CED2A-F946-4DC7-8BA6-DA34CD44FA9C}.CodeAnalysisDebug|Mixed Platforms.ActiveCfg = Debug|Any CPU
		{C73CED2A-F946-4DC7-8BA6-DA34CD44FA9C}.CodeAnalysisDebug|Mixed Platforms.Build.0 = Debug|Any CPU
		{C73CED2A-F946-4DC7-8BA6-DA34CD44FA9C}.CodeAnalysisDebug|x64.ActiveCfg = Debug|Any CPU
		{C73CED2A-F946-4DC7-8BA6-DA34CD44FA9C}.CodeAnalysisDebug|x86.ActiveCfg = Debug|Any CPU
		{C73CED2A-F946-4DC7-8BA6-DA34CD44FA9C}.Debug|Any CPU.ActiveCfg = Debug|Any CPU
		{C73CED2A-F946-4DC7-8BA6-DA34CD44FA9C}.Debug|Any CPU.Build.0 = Debug|Any CPU
		{C73CED2A-F946-4DC7-8BA6-DA34CD44FA9C}.Debug|Mixed Platforms.ActiveCfg = Debug|Any CPU
		{C73CED2A-F946-4DC7-8BA6-DA34CD44FA9C}.Debug|Mixed Platforms.Build.0 = Debug|Any CPU
		{C73CED2A-F946-4DC7-8BA6-DA34CD44FA9C}.Debug|x64.ActiveCfg = Debug|Any CPU
		{C73CED2A-F946-4DC7-8BA6-DA34CD44FA9C}.Debug|x86.ActiveCfg = Debug|Any CPU
		{C73CED2A-F946-4DC7-8BA6-DA34CD44FA9C}.Distribution|Any CPU.ActiveCfg = Debug|Any CPU
		{C73CED2A-F946-4DC7-8BA6-DA34CD44FA9C}.Distribution|Any CPU.Build.0 = Debug|Any CPU
		{C73CED2A-F946-4DC7-8BA6-DA34CD44FA9C}.Distribution|Mixed Platforms.ActiveCfg = Debug|Any CPU
		{C73CED2A-F946-4DC7-8BA6-DA34CD44FA9C}.Distribution|Mixed Platforms.Build.0 = Debug|Any CPU
		{C73CED2A-F946-4DC7-8BA6-DA34CD44FA9C}.Distribution|x64.ActiveCfg = Debug|Any CPU
		{C73CED2A-F946-4DC7-8BA6-DA34CD44FA9C}.Distribution|x86.ActiveCfg = Debug|Any CPU
		{C73CED2A-F946-4DC7-8BA6-DA34CD44FA9C}.Release|Any CPU.ActiveCfg = Release|Any CPU
		{C73CED2A-F946-4DC7-8BA6-DA34CD44FA9C}.Release|Any CPU.Build.0 = Release|Any CPU
		{C73CED2A-F946-4DC7-8BA6-DA34CD44FA9C}.Release|Mixed Platforms.ActiveCfg = Release|Any CPU
		{C73CED2A-F946-4DC7-8BA6-DA34CD44FA9C}.Release|Mixed Platforms.Build.0 = Release|Any CPU
		{C73CED2A-F946-4DC7-8BA6-DA34CD44FA9C}.Release|x64.ActiveCfg = Release|Any CPU
		{C73CED2A-F946-4DC7-8BA6-DA34CD44FA9C}.Release|x86.ActiveCfg = Release|Any CPU
		{C73CED2A-F946-4DC7-8BA6-DA34CD44FA9C}.Release|x86.Build.0 = Release|Any CPU
		{C73CED2A-F946-4DC7-8BA6-DA34CD44FA9C}.Release64|Any CPU.ActiveCfg = Release|Any CPU
		{C73CED2A-F946-4DC7-8BA6-DA34CD44FA9C}.Release64|Any CPU.Build.0 = Release|Any CPU
		{C73CED2A-F946-4DC7-8BA6-DA34CD44FA9C}.Release64|Mixed Platforms.ActiveCfg = Release|Any CPU
		{C73CED2A-F946-4DC7-8BA6-DA34CD44FA9C}.Release64|Mixed Platforms.Build.0 = Release|Any CPU
		{C73CED2A-F946-4DC7-8BA6-DA34CD44FA9C}.Release64|x64.ActiveCfg = Release|Any CPU
		{C73CED2A-F946-4DC7-8BA6-DA34CD44FA9C}.Release64|x64.Build.0 = Release|Any CPU
		{C73CED2A-F946-4DC7-8BA6-DA34CD44FA9C}.Release64|x86.ActiveCfg = Release|Any CPU
		{C73CED2A-F946-4DC7-8BA6-DA34CD44FA9C}.Release64|x86.Build.0 = Release|Any CPU
		{EA7C80D2-055C-49C0-8B5E-2D7959648671}.CodeAnalysisDebug|Any CPU.ActiveCfg = Debug|Any CPU
		{EA7C80D2-055C-49C0-8B5E-2D7959648671}.CodeAnalysisDebug|Any CPU.Build.0 = Debug|Any CPU
		{EA7C80D2-055C-49C0-8B5E-2D7959648671}.CodeAnalysisDebug|Mixed Platforms.ActiveCfg = Debug|Any CPU
		{EA7C80D2-055C-49C0-8B5E-2D7959648671}.CodeAnalysisDebug|Mixed Platforms.Build.0 = Debug|Any CPU
		{EA7C80D2-055C-49C0-8B5E-2D7959648671}.CodeAnalysisDebug|x64.ActiveCfg = Debug|Any CPU
		{EA7C80D2-055C-49C0-8B5E-2D7959648671}.CodeAnalysisDebug|x86.ActiveCfg = Debug|Any CPU
		{EA7C80D2-055C-49C0-8B5E-2D7959648671}.Debug|Any CPU.ActiveCfg = Debug|Any CPU
		{EA7C80D2-055C-49C0-8B5E-2D7959648671}.Debug|Any CPU.Build.0 = Debug|Any CPU
		{EA7C80D2-055C-49C0-8B5E-2D7959648671}.Debug|Mixed Platforms.ActiveCfg = Debug|Any CPU
		{EA7C80D2-055C-49C0-8B5E-2D7959648671}.Debug|Mixed Platforms.Build.0 = Debug|Any CPU
		{EA7C80D2-055C-49C0-8B5E-2D7959648671}.Debug|x64.ActiveCfg = Debug|Any CPU
		{EA7C80D2-055C-49C0-8B5E-2D7959648671}.Debug|x86.ActiveCfg = Debug|Any CPU
		{EA7C80D2-055C-49C0-8B5E-2D7959648671}.Distribution|Any CPU.ActiveCfg = Debug|Any CPU
		{EA7C80D2-055C-49C0-8B5E-2D7959648671}.Distribution|Any CPU.Build.0 = Debug|Any CPU
		{EA7C80D2-055C-49C0-8B5E-2D7959648671}.Distribution|Mixed Platforms.ActiveCfg = Debug|Any CPU
		{EA7C80D2-055C-49C0-8B5E-2D7959648671}.Distribution|Mixed Platforms.Build.0 = Debug|Any CPU
		{EA7C80D2-055C-49C0-8B5E-2D7959648671}.Distribution|x64.ActiveCfg = Debug|Any CPU
		{EA7C80D2-055C-49C0-8B5E-2D7959648671}.Distribution|x86.ActiveCfg = Debug|Any CPU
		{EA7C80D2-055C-49C0-8B5E-2D7959648671}.Release|Any CPU.ActiveCfg = Release|Any CPU
		{EA7C80D2-055C-49C0-8B5E-2D7959648671}.Release|Any CPU.Build.0 = Release|Any CPU
		{EA7C80D2-055C-49C0-8B5E-2D7959648671}.Release|Mixed Platforms.ActiveCfg = Release|Any CPU
		{EA7C80D2-055C-49C0-8B5E-2D7959648671}.Release|Mixed Platforms.Build.0 = Release|Any CPU
		{EA7C80D2-055C-49C0-8B5E-2D7959648671}.Release|x64.ActiveCfg = Release|Any CPU
		{EA7C80D2-055C-49C0-8B5E-2D7959648671}.Release|x86.ActiveCfg = Release|Any CPU
		{EA7C80D2-055C-49C0-8B5E-2D7959648671}.Release|x86.Build.0 = Release|Any CPU
		{EA7C80D2-055C-49C0-8B5E-2D7959648671}.Release64|Any CPU.ActiveCfg = Release|Any CPU
		{EA7C80D2-055C-49C0-8B5E-2D7959648671}.Release64|Any CPU.Build.0 = Release|Any CPU
		{EA7C80D2-055C-49C0-8B5E-2D7959648671}.Release64|Mixed Platforms.ActiveCfg = Release|Any CPU
		{EA7C80D2-055C-49C0-8B5E-2D7959648671}.Release64|Mixed Platforms.Build.0 = Release|Any CPU
		{EA7C80D2-055C-49C0-8B5E-2D7959648671}.Release64|x64.ActiveCfg = Release|Any CPU
		{EA7C80D2-055C-49C0-8B5E-2D7959648671}.Release64|x64.Build.0 = Release|Any CPU
		{EA7C80D2-055C-49C0-8B5E-2D7959648671}.Release64|x86.ActiveCfg = Release|Any CPU
		{EA7C80D2-055C-49C0-8B5E-2D7959648671}.Release64|x86.Build.0 = Release|Any CPU
		{DA8CBD6F-8CA0-4F68-8676-B3E05BC2D32E}.CodeAnalysisDebug|Any CPU.ActiveCfg = Debug|Any CPU
		{DA8CBD6F-8CA0-4F68-8676-B3E05BC2D32E}.CodeAnalysisDebug|Any CPU.Build.0 = Debug|Any CPU
		{DA8CBD6F-8CA0-4F68-8676-B3E05BC2D32E}.CodeAnalysisDebug|Mixed Platforms.ActiveCfg = Debug|Any CPU
		{DA8CBD6F-8CA0-4F68-8676-B3E05BC2D32E}.CodeAnalysisDebug|Mixed Platforms.Build.0 = Debug|Any CPU
		{DA8CBD6F-8CA0-4F68-8676-B3E05BC2D32E}.CodeAnalysisDebug|x64.ActiveCfg = Debug|x64
		{DA8CBD6F-8CA0-4F68-8676-B3E05BC2D32E}.CodeAnalysisDebug|x64.Build.0 = Debug|x64
		{DA8CBD6F-8CA0-4F68-8676-B3E05BC2D32E}.CodeAnalysisDebug|x86.ActiveCfg = Debug|Any CPU
		{DA8CBD6F-8CA0-4F68-8676-B3E05BC2D32E}.CodeAnalysisDebug|x86.Build.0 = Debug|Any CPU
		{DA8CBD6F-8CA0-4F68-8676-B3E05BC2D32E}.Debug|Any CPU.ActiveCfg = Debug|Any CPU
		{DA8CBD6F-8CA0-4F68-8676-B3E05BC2D32E}.Debug|Any CPU.Build.0 = Debug|Any CPU
		{DA8CBD6F-8CA0-4F68-8676-B3E05BC2D32E}.Debug|Mixed Platforms.ActiveCfg = Debug|Any CPU
		{DA8CBD6F-8CA0-4F68-8676-B3E05BC2D32E}.Debug|Mixed Platforms.Build.0 = Debug|Any CPU
		{DA8CBD6F-8CA0-4F68-8676-B3E05BC2D32E}.Debug|x64.ActiveCfg = Debug|x64
		{DA8CBD6F-8CA0-4F68-8676-B3E05BC2D32E}.Debug|x64.Build.0 = Debug|x64
		{DA8CBD6F-8CA0-4F68-8676-B3E05BC2D32E}.Debug|x86.ActiveCfg = Debug|Any CPU
		{DA8CBD6F-8CA0-4F68-8676-B3E05BC2D32E}.Debug|x86.Build.0 = Debug|Any CPU
		{DA8CBD6F-8CA0-4F68-8676-B3E05BC2D32E}.Distribution|Any CPU.ActiveCfg = Distribution|Any CPU
		{DA8CBD6F-8CA0-4F68-8676-B3E05BC2D32E}.Distribution|Any CPU.Build.0 = Distribution|Any CPU
		{DA8CBD6F-8CA0-4F68-8676-B3E05BC2D32E}.Distribution|Mixed Platforms.ActiveCfg = Distribution|Any CPU
		{DA8CBD6F-8CA0-4F68-8676-B3E05BC2D32E}.Distribution|Mixed Platforms.Build.0 = Distribution|Any CPU
		{DA8CBD6F-8CA0-4F68-8676-B3E05BC2D32E}.Distribution|x64.ActiveCfg = Distribution|x64
		{DA8CBD6F-8CA0-4F68-8676-B3E05BC2D32E}.Distribution|x64.Build.0 = Distribution|x64
		{DA8CBD6F-8CA0-4F68-8676-B3E05BC2D32E}.Distribution|x86.ActiveCfg = Distribution|Any CPU
		{DA8CBD6F-8CA0-4F68-8676-B3E05BC2D32E}.Distribution|x86.Build.0 = Distribution|Any CPU
		{DA8CBD6F-8CA0-4F68-8676-B3E05BC2D32E}.Release|Any CPU.ActiveCfg = Release|Any CPU
		{DA8CBD6F-8CA0-4F68-8676-B3E05BC2D32E}.Release|Any CPU.Build.0 = Release|Any CPU
		{DA8CBD6F-8CA0-4F68-8676-B3E05BC2D32E}.Release|Mixed Platforms.ActiveCfg = Release|Any CPU
		{DA8CBD6F-8CA0-4F68-8676-B3E05BC2D32E}.Release|Mixed Platforms.Build.0 = Release|Any CPU
		{DA8CBD6F-8CA0-4F68-8676-B3E05BC2D32E}.Release|x64.ActiveCfg = Release|x64
		{DA8CBD6F-8CA0-4F68-8676-B3E05BC2D32E}.Release|x64.Build.0 = Release|x64
		{DA8CBD6F-8CA0-4F68-8676-B3E05BC2D32E}.Release|x86.ActiveCfg = Release|Any CPU
		{DA8CBD6F-8CA0-4F68-8676-B3E05BC2D32E}.Release|x86.Build.0 = Release|Any CPU
		{DA8CBD6F-8CA0-4F68-8676-B3E05BC2D32E}.Release64|Any CPU.ActiveCfg = Release64|Any CPU
		{DA8CBD6F-8CA0-4F68-8676-B3E05BC2D32E}.Release64|Any CPU.Build.0 = Release64|Any CPU
		{DA8CBD6F-8CA0-4F68-8676-B3E05BC2D32E}.Release64|Mixed Platforms.ActiveCfg = Release64|Any CPU
		{DA8CBD6F-8CA0-4F68-8676-B3E05BC2D32E}.Release64|Mixed Platforms.Build.0 = Release64|Any CPU
		{DA8CBD6F-8CA0-4F68-8676-B3E05BC2D32E}.Release64|x64.ActiveCfg = Release64|x64
		{DA8CBD6F-8CA0-4F68-8676-B3E05BC2D32E}.Release64|x64.Build.0 = Release64|x64
		{DA8CBD6F-8CA0-4F68-8676-B3E05BC2D32E}.Release64|x86.ActiveCfg = Release64|Any CPU
		{DA8CBD6F-8CA0-4F68-8676-B3E05BC2D32E}.Release64|x86.Build.0 = Release64|Any CPU
		{1062B438-0AA5-4395-8C8E-1A80022934D4}.CodeAnalysisDebug|Any CPU.ActiveCfg = Debug|Any CPU
		{1062B438-0AA5-4395-8C8E-1A80022934D4}.CodeAnalysisDebug|Any CPU.Build.0 = Debug|Any CPU
		{1062B438-0AA5-4395-8C8E-1A80022934D4}.CodeAnalysisDebug|Mixed Platforms.ActiveCfg = Debug|Any CPU
		{1062B438-0AA5-4395-8C8E-1A80022934D4}.CodeAnalysisDebug|Mixed Platforms.Build.0 = Debug|Any CPU
		{1062B438-0AA5-4395-8C8E-1A80022934D4}.CodeAnalysisDebug|x64.ActiveCfg = Debug|Any CPU
		{1062B438-0AA5-4395-8C8E-1A80022934D4}.CodeAnalysisDebug|x64.Build.0 = Debug|Any CPU
		{1062B438-0AA5-4395-8C8E-1A80022934D4}.CodeAnalysisDebug|x86.ActiveCfg = Debug|Any CPU
		{1062B438-0AA5-4395-8C8E-1A80022934D4}.CodeAnalysisDebug|x86.Build.0 = Debug|Any CPU
		{1062B438-0AA5-4395-8C8E-1A80022934D4}.Debug|Any CPU.ActiveCfg = Debug|Any CPU
		{1062B438-0AA5-4395-8C8E-1A80022934D4}.Debug|Any CPU.Build.0 = Debug|Any CPU
		{1062B438-0AA5-4395-8C8E-1A80022934D4}.Debug|Mixed Platforms.ActiveCfg = Debug|Any CPU
		{1062B438-0AA5-4395-8C8E-1A80022934D4}.Debug|Mixed Platforms.Build.0 = Debug|Any CPU
		{1062B438-0AA5-4395-8C8E-1A80022934D4}.Debug|x64.ActiveCfg = Debug|Any CPU
		{1062B438-0AA5-4395-8C8E-1A80022934D4}.Debug|x64.Build.0 = Debug|Any CPU
		{1062B438-0AA5-4395-8C8E-1A80022934D4}.Debug|x86.ActiveCfg = Debug|Any CPU
		{1062B438-0AA5-4395-8C8E-1A80022934D4}.Debug|x86.Build.0 = Debug|Any CPU
		{1062B438-0AA5-4395-8C8E-1A80022934D4}.Distribution|Any CPU.ActiveCfg = Debug|Any CPU
		{1062B438-0AA5-4395-8C8E-1A80022934D4}.Distribution|Any CPU.Build.0 = Debug|Any CPU
		{1062B438-0AA5-4395-8C8E-1A80022934D4}.Distribution|Mixed Platforms.ActiveCfg = Debug|Any CPU
		{1062B438-0AA5-4395-8C8E-1A80022934D4}.Distribution|Mixed Platforms.Build.0 = Debug|Any CPU
		{1062B438-0AA5-4395-8C8E-1A80022934D4}.Distribution|x64.ActiveCfg = Debug|Any CPU
		{1062B438-0AA5-4395-8C8E-1A80022934D4}.Distribution|x64.Build.0 = Debug|Any CPU
		{1062B438-0AA5-4395-8C8E-1A80022934D4}.Distribution|x86.ActiveCfg = Debug|Any CPU
		{1062B438-0AA5-4395-8C8E-1A80022934D4}.Distribution|x86.Build.0 = Debug|Any CPU
		{1062B438-0AA5-4395-8C8E-1A80022934D4}.Release|Any CPU.ActiveCfg = Release|Any CPU
		{1062B438-0AA5-4395-8C8E-1A80022934D4}.Release|Any CPU.Build.0 = Release|Any CPU
		{1062B438-0AA5-4395-8C8E-1A80022934D4}.Release|Mixed Platforms.ActiveCfg = Release|Any CPU
		{1062B438-0AA5-4395-8C8E-1A80022934D4}.Release|Mixed Platforms.Build.0 = Release|Any CPU
		{1062B438-0AA5-4395-8C8E-1A80022934D4}.Release|x64.ActiveCfg = Release|Any CPU
		{1062B438-0AA5-4395-8C8E-1A80022934D4}.Release|x64.Build.0 = Release|Any CPU
		{1062B438-0AA5-4395-8C8E-1A80022934D4}.Release|x86.ActiveCfg = Release|Any CPU
		{1062B438-0AA5-4395-8C8E-1A80022934D4}.Release|x86.Build.0 = Release|Any CPU
		{1062B438-0AA5-4395-8C8E-1A80022934D4}.Release64|Any CPU.ActiveCfg = Release|Any CPU
		{1062B438-0AA5-4395-8C8E-1A80022934D4}.Release64|Any CPU.Build.0 = Release|Any CPU
		{1062B438-0AA5-4395-8C8E-1A80022934D4}.Release64|Mixed Platforms.ActiveCfg = Release|Any CPU
		{1062B438-0AA5-4395-8C8E-1A80022934D4}.Release64|Mixed Platforms.Build.0 = Release|Any CPU
		{1062B438-0AA5-4395-8C8E-1A80022934D4}.Release64|x64.ActiveCfg = Release|Any CPU
		{1062B438-0AA5-4395-8C8E-1A80022934D4}.Release64|x64.Build.0 = Release|Any CPU
		{1062B438-0AA5-4395-8C8E-1A80022934D4}.Release64|x86.ActiveCfg = Release|Any CPU
		{1062B438-0AA5-4395-8C8E-1A80022934D4}.Release64|x86.Build.0 = Release|Any CPU
		{C51DEEDA-B581-401B-870B-DBB7D10119BF}.CodeAnalysisDebug|Any CPU.ActiveCfg = Debug|Any CPU
		{C51DEEDA-B581-401B-870B-DBB7D10119BF}.CodeAnalysisDebug|Any CPU.Build.0 = Debug|Any CPU
		{C51DEEDA-B581-401B-870B-DBB7D10119BF}.CodeAnalysisDebug|Mixed Platforms.ActiveCfg = Debug|Any CPU
		{C51DEEDA-B581-401B-870B-DBB7D10119BF}.CodeAnalysisDebug|Mixed Platforms.Build.0 = Debug|Any CPU
		{C51DEEDA-B581-401B-870B-DBB7D10119BF}.CodeAnalysisDebug|x64.ActiveCfg = Debug|Any CPU
		{C51DEEDA-B581-401B-870B-DBB7D10119BF}.CodeAnalysisDebug|x64.Build.0 = Debug|Any CPU
		{C51DEEDA-B581-401B-870B-DBB7D10119BF}.CodeAnalysisDebug|x86.ActiveCfg = Debug|Any CPU
		{C51DEEDA-B581-401B-870B-DBB7D10119BF}.CodeAnalysisDebug|x86.Build.0 = Debug|Any CPU
		{C51DEEDA-B581-401B-870B-DBB7D10119BF}.Debug|Any CPU.ActiveCfg = Debug|Any CPU
		{C51DEEDA-B581-401B-870B-DBB7D10119BF}.Debug|Any CPU.Build.0 = Debug|Any CPU
		{C51DEEDA-B581-401B-870B-DBB7D10119BF}.Debug|Mixed Platforms.ActiveCfg = Debug|Any CPU
		{C51DEEDA-B581-401B-870B-DBB7D10119BF}.Debug|Mixed Platforms.Build.0 = Debug|Any CPU
		{C51DEEDA-B581-401B-870B-DBB7D10119BF}.Debug|x64.ActiveCfg = Debug|Any CPU
		{C51DEEDA-B581-401B-870B-DBB7D10119BF}.Debug|x64.Build.0 = Debug|Any CPU
		{C51DEEDA-B581-401B-870B-DBB7D10119BF}.Debug|x86.ActiveCfg = Debug|Any CPU
		{C51DEEDA-B581-401B-870B-DBB7D10119BF}.Debug|x86.Build.0 = Debug|Any CPU
		{C51DEEDA-B581-401B-870B-DBB7D10119BF}.Distribution|Any CPU.ActiveCfg = Debug|Any CPU
		{C51DEEDA-B581-401B-870B-DBB7D10119BF}.Distribution|Any CPU.Build.0 = Debug|Any CPU
		{C51DEEDA-B581-401B-870B-DBB7D10119BF}.Distribution|Mixed Platforms.ActiveCfg = Debug|Any CPU
		{C51DEEDA-B581-401B-870B-DBB7D10119BF}.Distribution|Mixed Platforms.Build.0 = Debug|Any CPU
		{C51DEEDA-B581-401B-870B-DBB7D10119BF}.Distribution|x64.ActiveCfg = Debug|Any CPU
		{C51DEEDA-B581-401B-870B-DBB7D10119BF}.Distribution|x64.Build.0 = Debug|Any CPU
		{C51DEEDA-B581-401B-870B-DBB7D10119BF}.Distribution|x86.ActiveCfg = Debug|Any CPU
		{C51DEEDA-B581-401B-870B-DBB7D10119BF}.Distribution|x86.Build.0 = Debug|Any CPU
		{C51DEEDA-B581-401B-870B-DBB7D10119BF}.Release|Any CPU.ActiveCfg = Release|Any CPU
		{C51DEEDA-B581-401B-870B-DBB7D10119BF}.Release|Any CPU.Build.0 = Release|Any CPU
		{C51DEEDA-B581-401B-870B-DBB7D10119BF}.Release|Mixed Platforms.ActiveCfg = Release|Any CPU
		{C51DEEDA-B581-401B-870B-DBB7D10119BF}.Release|Mixed Platforms.Build.0 = Release|Any CPU
		{C51DEEDA-B581-401B-870B-DBB7D10119BF}.Release|x64.ActiveCfg = Release|Any CPU
		{C51DEEDA-B581-401B-870B-DBB7D10119BF}.Release|x64.Build.0 = Release|Any CPU
		{C51DEEDA-B581-401B-870B-DBB7D10119BF}.Release|x86.ActiveCfg = Release|Any CPU
		{C51DEEDA-B581-401B-870B-DBB7D10119BF}.Release|x86.Build.0 = Release|Any CPU
		{C51DEEDA-B581-401B-870B-DBB7D10119BF}.Release64|Any CPU.ActiveCfg = Release|Any CPU
		{C51DEEDA-B581-401B-870B-DBB7D10119BF}.Release64|Any CPU.Build.0 = Release|Any CPU
		{C51DEEDA-B581-401B-870B-DBB7D10119BF}.Release64|Mixed Platforms.ActiveCfg = Release|Any CPU
		{C51DEEDA-B581-401B-870B-DBB7D10119BF}.Release64|Mixed Platforms.Build.0 = Release|Any CPU
		{C51DEEDA-B581-401B-870B-DBB7D10119BF}.Release64|x64.ActiveCfg = Release|Any CPU
		{C51DEEDA-B581-401B-870B-DBB7D10119BF}.Release64|x64.Build.0 = Release|Any CPU
		{C51DEEDA-B581-401B-870B-DBB7D10119BF}.Release64|x86.ActiveCfg = Release|Any CPU
		{C51DEEDA-B581-401B-870B-DBB7D10119BF}.Release64|x86.Build.0 = Release|Any CPU
		{38A6A3AB-7A3F-48C3-A8FF-662D6307C07C}.CodeAnalysisDebug|Any CPU.ActiveCfg = Debug|Any CPU
		{38A6A3AB-7A3F-48C3-A8FF-662D6307C07C}.CodeAnalysisDebug|Any CPU.Build.0 = Debug|Any CPU
		{38A6A3AB-7A3F-48C3-A8FF-662D6307C07C}.CodeAnalysisDebug|Mixed Platforms.ActiveCfg = Debug|x86
		{38A6A3AB-7A3F-48C3-A8FF-662D6307C07C}.CodeAnalysisDebug|Mixed Platforms.Build.0 = Debug|x86
		{38A6A3AB-7A3F-48C3-A8FF-662D6307C07C}.CodeAnalysisDebug|x64.ActiveCfg = Debug|x64
		{38A6A3AB-7A3F-48C3-A8FF-662D6307C07C}.CodeAnalysisDebug|x64.Build.0 = Debug|x64
		{38A6A3AB-7A3F-48C3-A8FF-662D6307C07C}.CodeAnalysisDebug|x86.ActiveCfg = Debug|x86
		{38A6A3AB-7A3F-48C3-A8FF-662D6307C07C}.CodeAnalysisDebug|x86.Build.0 = Debug|x86
		{38A6A3AB-7A3F-48C3-A8FF-662D6307C07C}.Debug|Any CPU.ActiveCfg = Debug|Any CPU
		{38A6A3AB-7A3F-48C3-A8FF-662D6307C07C}.Debug|Any CPU.Build.0 = Debug|Any CPU
		{38A6A3AB-7A3F-48C3-A8FF-662D6307C07C}.Debug|Mixed Platforms.ActiveCfg = Debug|x86
		{38A6A3AB-7A3F-48C3-A8FF-662D6307C07C}.Debug|Mixed Platforms.Build.0 = Debug|x86
		{38A6A3AB-7A3F-48C3-A8FF-662D6307C07C}.Debug|x64.ActiveCfg = Debug|x64
		{38A6A3AB-7A3F-48C3-A8FF-662D6307C07C}.Debug|x64.Build.0 = Debug|x64
		{38A6A3AB-7A3F-48C3-A8FF-662D6307C07C}.Debug|x86.ActiveCfg = Debug|x86
		{38A6A3AB-7A3F-48C3-A8FF-662D6307C07C}.Debug|x86.Build.0 = Debug|x86
		{38A6A3AB-7A3F-48C3-A8FF-662D6307C07C}.Distribution|Any CPU.ActiveCfg = Distribution|Any CPU
		{38A6A3AB-7A3F-48C3-A8FF-662D6307C07C}.Distribution|Any CPU.Build.0 = Distribution|Any CPU
		{38A6A3AB-7A3F-48C3-A8FF-662D6307C07C}.Distribution|Mixed Platforms.ActiveCfg = Distribution|x86
		{38A6A3AB-7A3F-48C3-A8FF-662D6307C07C}.Distribution|Mixed Platforms.Build.0 = Distribution|x86
		{38A6A3AB-7A3F-48C3-A8FF-662D6307C07C}.Distribution|x64.ActiveCfg = Distribution|x64
		{38A6A3AB-7A3F-48C3-A8FF-662D6307C07C}.Distribution|x64.Build.0 = Distribution|x64
		{38A6A3AB-7A3F-48C3-A8FF-662D6307C07C}.Distribution|x86.ActiveCfg = Distribution|x86
		{38A6A3AB-7A3F-48C3-A8FF-662D6307C07C}.Distribution|x86.Build.0 = Distribution|x86
		{38A6A3AB-7A3F-48C3-A8FF-662D6307C07C}.Release|Any CPU.ActiveCfg = Release|Any CPU
		{38A6A3AB-7A3F-48C3-A8FF-662D6307C07C}.Release|Any CPU.Build.0 = Release|Any CPU
		{38A6A3AB-7A3F-48C3-A8FF-662D6307C07C}.Release|Mixed Platforms.ActiveCfg = Release|x86
		{38A6A3AB-7A3F-48C3-A8FF-662D6307C07C}.Release|Mixed Platforms.Build.0 = Release|x86
		{38A6A3AB-7A3F-48C3-A8FF-662D6307C07C}.Release|x64.ActiveCfg = Release|x64
		{38A6A3AB-7A3F-48C3-A8FF-662D6307C07C}.Release|x64.Build.0 = Release|x64
		{38A6A3AB-7A3F-48C3-A8FF-662D6307C07C}.Release|x86.ActiveCfg = Release|x86
		{38A6A3AB-7A3F-48C3-A8FF-662D6307C07C}.Release|x86.Build.0 = Release|x86
		{38A6A3AB-7A3F-48C3-A8FF-662D6307C07C}.Release64|Any CPU.ActiveCfg = Release64|Any CPU
		{38A6A3AB-7A3F-48C3-A8FF-662D6307C07C}.Release64|Any CPU.Build.0 = Release64|Any CPU
		{38A6A3AB-7A3F-48C3-A8FF-662D6307C07C}.Release64|Mixed Platforms.ActiveCfg = Release64|x86
		{38A6A3AB-7A3F-48C3-A8FF-662D6307C07C}.Release64|Mixed Platforms.Build.0 = Release64|x86
		{38A6A3AB-7A3F-48C3-A8FF-662D6307C07C}.Release64|x64.ActiveCfg = Release64|x64
		{38A6A3AB-7A3F-48C3-A8FF-662D6307C07C}.Release64|x64.Build.0 = Release64|x64
		{38A6A3AB-7A3F-48C3-A8FF-662D6307C07C}.Release64|x86.ActiveCfg = Release64|x86
		{38A6A3AB-7A3F-48C3-A8FF-662D6307C07C}.Release64|x86.Build.0 = Release64|x86
		{D239EFD3-2871-47FA-BE04-F13209FF2225}.CodeAnalysisDebug|Any CPU.ActiveCfg = Debug|Any CPU
		{D239EFD3-2871-47FA-BE04-F13209FF2225}.CodeAnalysisDebug|Any CPU.Build.0 = Debug|Any CPU
		{D239EFD3-2871-47FA-BE04-F13209FF2225}.CodeAnalysisDebug|Mixed Platforms.ActiveCfg = Debug|Any CPU
		{D239EFD3-2871-47FA-BE04-F13209FF2225}.CodeAnalysisDebug|Mixed Platforms.Build.0 = Debug|Any CPU
		{D239EFD3-2871-47FA-BE04-F13209FF2225}.CodeAnalysisDebug|x64.ActiveCfg = Debug|Any CPU
		{D239EFD3-2871-47FA-BE04-F13209FF2225}.CodeAnalysisDebug|x64.Build.0 = Debug|Any CPU
		{D239EFD3-2871-47FA-BE04-F13209FF2225}.CodeAnalysisDebug|x86.ActiveCfg = Debug|Any CPU
		{D239EFD3-2871-47FA-BE04-F13209FF2225}.CodeAnalysisDebug|x86.Build.0 = Debug|Any CPU
		{D239EFD3-2871-47FA-BE04-F13209FF2225}.Debug|Any CPU.ActiveCfg = Debug|Any CPU
		{D239EFD3-2871-47FA-BE04-F13209FF2225}.Debug|Any CPU.Build.0 = Debug|Any CPU
		{D239EFD3-2871-47FA-BE04-F13209FF2225}.Debug|Mixed Platforms.ActiveCfg = Debug|Any CPU
		{D239EFD3-2871-47FA-BE04-F13209FF2225}.Debug|Mixed Platforms.Build.0 = Debug|Any CPU
		{D239EFD3-2871-47FA-BE04-F13209FF2225}.Debug|x64.ActiveCfg = Debug|Any CPU
		{D239EFD3-2871-47FA-BE04-F13209FF2225}.Debug|x64.Build.0 = Debug|Any CPU
		{D239EFD3-2871-47FA-BE04-F13209FF2225}.Debug|x86.ActiveCfg = Debug|Any CPU
		{D239EFD3-2871-47FA-BE04-F13209FF2225}.Debug|x86.Build.0 = Debug|Any CPU
		{D239EFD3-2871-47FA-BE04-F13209FF2225}.Distribution|Any CPU.ActiveCfg = Debug|Any CPU
		{D239EFD3-2871-47FA-BE04-F13209FF2225}.Distribution|Any CPU.Build.0 = Debug|Any CPU
		{D239EFD3-2871-47FA-BE04-F13209FF2225}.Distribution|Mixed Platforms.ActiveCfg = Debug|Any CPU
		{D239EFD3-2871-47FA-BE04-F13209FF2225}.Distribution|Mixed Platforms.Build.0 = Debug|Any CPU
		{D239EFD3-2871-47FA-BE04-F13209FF2225}.Distribution|x64.ActiveCfg = Debug|Any CPU
		{D239EFD3-2871-47FA-BE04-F13209FF2225}.Distribution|x64.Build.0 = Debug|Any CPU
		{D239EFD3-2871-47FA-BE04-F13209FF2225}.Distribution|x86.ActiveCfg = Debug|Any CPU
		{D239EFD3-2871-47FA-BE04-F13209FF2225}.Distribution|x86.Build.0 = Debug|Any CPU
		{D239EFD3-2871-47FA-BE04-F13209FF2225}.Release|Any CPU.ActiveCfg = Release|Any CPU
		{D239EFD3-2871-47FA-BE04-F13209FF2225}.Release|Any CPU.Build.0 = Release|Any CPU
		{D239EFD3-2871-47FA-BE04-F13209FF2225}.Release|Mixed Platforms.ActiveCfg = Release|Any CPU
		{D239EFD3-2871-47FA-BE04-F13209FF2225}.Release|Mixed Platforms.Build.0 = Release|Any CPU
		{D239EFD3-2871-47FA-BE04-F13209FF2225}.Release|x64.ActiveCfg = Release|Any CPU
		{D239EFD3-2871-47FA-BE04-F13209FF2225}.Release|x64.Build.0 = Release|Any CPU
		{D239EFD3-2871-47FA-BE04-F13209FF2225}.Release|x86.ActiveCfg = Release|Any CPU
		{D239EFD3-2871-47FA-BE04-F13209FF2225}.Release|x86.Build.0 = Release|Any CPU
		{D239EFD3-2871-47FA-BE04-F13209FF2225}.Release64|Any CPU.ActiveCfg = Release|Any CPU
		{D239EFD3-2871-47FA-BE04-F13209FF2225}.Release64|Any CPU.Build.0 = Release|Any CPU
		{D239EFD3-2871-47FA-BE04-F13209FF2225}.Release64|Mixed Platforms.ActiveCfg = Release|Any CPU
		{D239EFD3-2871-47FA-BE04-F13209FF2225}.Release64|Mixed Platforms.Build.0 = Release|Any CPU
		{D239EFD3-2871-47FA-BE04-F13209FF2225}.Release64|x64.ActiveCfg = Release|Any CPU
		{D239EFD3-2871-47FA-BE04-F13209FF2225}.Release64|x64.Build.0 = Release|Any CPU
		{D239EFD3-2871-47FA-BE04-F13209FF2225}.Release64|x86.ActiveCfg = Release|Any CPU
		{D239EFD3-2871-47FA-BE04-F13209FF2225}.Release64|x86.Build.0 = Release|Any CPU
		{2E1FB0DF-F9BB-4909-9F32-2D9D022A8E57}.CodeAnalysisDebug|Any CPU.ActiveCfg = Debug|Any CPU
		{2E1FB0DF-F9BB-4909-9F32-2D9D022A8E57}.CodeAnalysisDebug|Any CPU.Build.0 = Debug|Any CPU
		{2E1FB0DF-F9BB-4909-9F32-2D9D022A8E57}.CodeAnalysisDebug|Mixed Platforms.ActiveCfg = Debug|Any CPU
		{2E1FB0DF-F9BB-4909-9F32-2D9D022A8E57}.CodeAnalysisDebug|Mixed Platforms.Build.0 = Debug|Any CPU
		{2E1FB0DF-F9BB-4909-9F32-2D9D022A8E57}.CodeAnalysisDebug|x64.ActiveCfg = Debug|x64
		{2E1FB0DF-F9BB-4909-9F32-2D9D022A8E57}.CodeAnalysisDebug|x64.Build.0 = Debug|x64
		{2E1FB0DF-F9BB-4909-9F32-2D9D022A8E57}.CodeAnalysisDebug|x86.ActiveCfg = Debug|Any CPU
		{2E1FB0DF-F9BB-4909-9F32-2D9D022A8E57}.CodeAnalysisDebug|x86.Build.0 = Debug|Any CPU
		{2E1FB0DF-F9BB-4909-9F32-2D9D022A8E57}.Debug|Any CPU.ActiveCfg = Debug|Any CPU
		{2E1FB0DF-F9BB-4909-9F32-2D9D022A8E57}.Debug|Any CPU.Build.0 = Debug|Any CPU
		{2E1FB0DF-F9BB-4909-9F32-2D9D022A8E57}.Debug|Mixed Platforms.ActiveCfg = Debug|Any CPU
		{2E1FB0DF-F9BB-4909-9F32-2D9D022A8E57}.Debug|Mixed Platforms.Build.0 = Debug|Any CPU
		{2E1FB0DF-F9BB-4909-9F32-2D9D022A8E57}.Debug|x64.ActiveCfg = Debug|x64
		{2E1FB0DF-F9BB-4909-9F32-2D9D022A8E57}.Debug|x64.Build.0 = Debug|x64
		{2E1FB0DF-F9BB-4909-9F32-2D9D022A8E57}.Debug|x86.ActiveCfg = Debug|Any CPU
		{2E1FB0DF-F9BB-4909-9F32-2D9D022A8E57}.Debug|x86.Build.0 = Debug|Any CPU
		{2E1FB0DF-F9BB-4909-9F32-2D9D022A8E57}.Distribution|Any CPU.ActiveCfg = Debug|Any CPU
		{2E1FB0DF-F9BB-4909-9F32-2D9D022A8E57}.Distribution|Any CPU.Build.0 = Debug|Any CPU
		{2E1FB0DF-F9BB-4909-9F32-2D9D022A8E57}.Distribution|Mixed Platforms.ActiveCfg = Debug|Any CPU
		{2E1FB0DF-F9BB-4909-9F32-2D9D022A8E57}.Distribution|Mixed Platforms.Build.0 = Debug|Any CPU
		{2E1FB0DF-F9BB-4909-9F32-2D9D022A8E57}.Distribution|x64.ActiveCfg = Debug|x64
		{2E1FB0DF-F9BB-4909-9F32-2D9D022A8E57}.Distribution|x64.Build.0 = Debug|x64
		{2E1FB0DF-F9BB-4909-9F32-2D9D022A8E57}.Distribution|x86.ActiveCfg = Debug|Any CPU
		{2E1FB0DF-F9BB-4909-9F32-2D9D022A8E57}.Distribution|x86.Build.0 = Debug|Any CPU
		{2E1FB0DF-F9BB-4909-9F32-2D9D022A8E57}.Release|Any CPU.ActiveCfg = Release|Any CPU
		{2E1FB0DF-F9BB-4909-9F32-2D9D022A8E57}.Release|Any CPU.Build.0 = Release|Any CPU
		{2E1FB0DF-F9BB-4909-9F32-2D9D022A8E57}.Release|Mixed Platforms.ActiveCfg = Release|Any CPU
		{2E1FB0DF-F9BB-4909-9F32-2D9D022A8E57}.Release|Mixed Platforms.Build.0 = Release|Any CPU
		{2E1FB0DF-F9BB-4909-9F32-2D9D022A8E57}.Release|x64.ActiveCfg = Release|x64
		{2E1FB0DF-F9BB-4909-9F32-2D9D022A8E57}.Release|x64.Build.0 = Release|x64
		{2E1FB0DF-F9BB-4909-9F32-2D9D022A8E57}.Release|x86.ActiveCfg = Release|Any CPU
		{2E1FB0DF-F9BB-4909-9F32-2D9D022A8E57}.Release|x86.Build.0 = Release|Any CPU
		{2E1FB0DF-F9BB-4909-9F32-2D9D022A8E57}.Release64|Any CPU.ActiveCfg = Release|Any CPU
		{2E1FB0DF-F9BB-4909-9F32-2D9D022A8E57}.Release64|Any CPU.Build.0 = Release|Any CPU
		{2E1FB0DF-F9BB-4909-9F32-2D9D022A8E57}.Release64|Mixed Platforms.ActiveCfg = Release|Any CPU
		{2E1FB0DF-F9BB-4909-9F32-2D9D022A8E57}.Release64|Mixed Platforms.Build.0 = Release|Any CPU
		{2E1FB0DF-F9BB-4909-9F32-2D9D022A8E57}.Release64|x64.ActiveCfg = Release|x64
		{2E1FB0DF-F9BB-4909-9F32-2D9D022A8E57}.Release64|x64.Build.0 = Release|x64
		{2E1FB0DF-F9BB-4909-9F32-2D9D022A8E57}.Release64|x86.ActiveCfg = Release|Any CPU
		{2E1FB0DF-F9BB-4909-9F32-2D9D022A8E57}.Release64|x86.Build.0 = Release|Any CPU
		{AA0C00CB-8699-4F37-BFAE-40CA87ACC06D}.CodeAnalysisDebug|Any CPU.ActiveCfg = CodeAnalysisDebug|Any CPU
		{AA0C00CB-8699-4F37-BFAE-40CA87ACC06D}.CodeAnalysisDebug|Any CPU.Build.0 = CodeAnalysisDebug|Any CPU
		{AA0C00CB-8699-4F37-BFAE-40CA87ACC06D}.CodeAnalysisDebug|Mixed Platforms.ActiveCfg = CodeAnalysisDebug|Any CPU
		{AA0C00CB-8699-4F37-BFAE-40CA87ACC06D}.CodeAnalysisDebug|Mixed Platforms.Build.0 = CodeAnalysisDebug|Any CPU
		{AA0C00CB-8699-4F37-BFAE-40CA87ACC06D}.CodeAnalysisDebug|x64.ActiveCfg = CodeAnalysisDebug|x64
		{AA0C00CB-8699-4F37-BFAE-40CA87ACC06D}.CodeAnalysisDebug|x64.Build.0 = CodeAnalysisDebug|x64
		{AA0C00CB-8699-4F37-BFAE-40CA87ACC06D}.CodeAnalysisDebug|x86.ActiveCfg = CodeAnalysisDebug|Any CPU
		{AA0C00CB-8699-4F37-BFAE-40CA87ACC06D}.CodeAnalysisDebug|x86.Build.0 = CodeAnalysisDebug|Any CPU
		{AA0C00CB-8699-4F37-BFAE-40CA87ACC06D}.Debug|Any CPU.ActiveCfg = Debug|Any CPU
		{AA0C00CB-8699-4F37-BFAE-40CA87ACC06D}.Debug|Any CPU.Build.0 = Debug|Any CPU
		{AA0C00CB-8699-4F37-BFAE-40CA87ACC06D}.Debug|Mixed Platforms.ActiveCfg = Debug|Any CPU
		{AA0C00CB-8699-4F37-BFAE-40CA87ACC06D}.Debug|Mixed Platforms.Build.0 = Debug|Any CPU
		{AA0C00CB-8699-4F37-BFAE-40CA87ACC06D}.Debug|x64.ActiveCfg = Debug|x64
		{AA0C00CB-8699-4F37-BFAE-40CA87ACC06D}.Debug|x64.Build.0 = Debug|x64
		{AA0C00CB-8699-4F37-BFAE-40CA87ACC06D}.Debug|x86.ActiveCfg = Debug|Any CPU
		{AA0C00CB-8699-4F37-BFAE-40CA87ACC06D}.Debug|x86.Build.0 = Debug|Any CPU
		{AA0C00CB-8699-4F37-BFAE-40CA87ACC06D}.Distribution|Any CPU.ActiveCfg = Debug|Any CPU
		{AA0C00CB-8699-4F37-BFAE-40CA87ACC06D}.Distribution|Any CPU.Build.0 = Debug|Any CPU
		{AA0C00CB-8699-4F37-BFAE-40CA87ACC06D}.Distribution|Mixed Platforms.ActiveCfg = Debug|Any CPU
		{AA0C00CB-8699-4F37-BFAE-40CA87ACC06D}.Distribution|Mixed Platforms.Build.0 = Debug|Any CPU
		{AA0C00CB-8699-4F37-BFAE-40CA87ACC06D}.Distribution|x64.ActiveCfg = Debug|x64
		{AA0C00CB-8699-4F37-BFAE-40CA87ACC06D}.Distribution|x64.Build.0 = Debug|x64
		{AA0C00CB-8699-4F37-BFAE-40CA87ACC06D}.Distribution|x86.ActiveCfg = Debug|Any CPU
		{AA0C00CB-8699-4F37-BFAE-40CA87ACC06D}.Distribution|x86.Build.0 = Debug|Any CPU
		{AA0C00CB-8699-4F37-BFAE-40CA87ACC06D}.Release|Any CPU.ActiveCfg = Release|Any CPU
		{AA0C00CB-8699-4F37-BFAE-40CA87ACC06D}.Release|Any CPU.Build.0 = Release|Any CPU
		{AA0C00CB-8699-4F37-BFAE-40CA87ACC06D}.Release|Mixed Platforms.ActiveCfg = Release|Any CPU
		{AA0C00CB-8699-4F37-BFAE-40CA87ACC06D}.Release|Mixed Platforms.Build.0 = Release|Any CPU
		{AA0C00CB-8699-4F37-BFAE-40CA87ACC06D}.Release|x64.ActiveCfg = Release|x64
		{AA0C00CB-8699-4F37-BFAE-40CA87ACC06D}.Release|x64.Build.0 = Release|x64
		{AA0C00CB-8699-4F37-BFAE-40CA87ACC06D}.Release|x86.ActiveCfg = Release|Any CPU
		{AA0C00CB-8699-4F37-BFAE-40CA87ACC06D}.Release|x86.Build.0 = Release|Any CPU
		{AA0C00CB-8699-4F37-BFAE-40CA87ACC06D}.Release64|Any CPU.ActiveCfg = Release|Any CPU
		{AA0C00CB-8699-4F37-BFAE-40CA87ACC06D}.Release64|Any CPU.Build.0 = Release|Any CPU
		{AA0C00CB-8699-4F37-BFAE-40CA87ACC06D}.Release64|Mixed Platforms.ActiveCfg = Release|Any CPU
		{AA0C00CB-8699-4F37-BFAE-40CA87ACC06D}.Release64|Mixed Platforms.Build.0 = Release|Any CPU
		{AA0C00CB-8699-4F37-BFAE-40CA87ACC06D}.Release64|x64.ActiveCfg = Release|x64
		{AA0C00CB-8699-4F37-BFAE-40CA87ACC06D}.Release64|x64.Build.0 = Release|x64
		{AA0C00CB-8699-4F37-BFAE-40CA87ACC06D}.Release64|x86.ActiveCfg = Release|Any CPU
		{AA0C00CB-8699-4F37-BFAE-40CA87ACC06D}.Release64|x86.Build.0 = Release|Any CPU
		{0F0633D4-070D-4C15-8090-98F4E5AF07B4}.CodeAnalysisDebug|Any CPU.ActiveCfg = Debug|Any CPU
		{0F0633D4-070D-4C15-8090-98F4E5AF07B4}.CodeAnalysisDebug|Any CPU.Build.0 = Debug|Any CPU
		{0F0633D4-070D-4C15-8090-98F4E5AF07B4}.CodeAnalysisDebug|Mixed Platforms.ActiveCfg = Debug|Any CPU
		{0F0633D4-070D-4C15-8090-98F4E5AF07B4}.CodeAnalysisDebug|Mixed Platforms.Build.0 = Debug|Any CPU
		{0F0633D4-070D-4C15-8090-98F4E5AF07B4}.CodeAnalysisDebug|x64.ActiveCfg = Debug|Any CPU
		{0F0633D4-070D-4C15-8090-98F4E5AF07B4}.CodeAnalysisDebug|x64.Build.0 = Debug|Any CPU
		{0F0633D4-070D-4C15-8090-98F4E5AF07B4}.CodeAnalysisDebug|x86.ActiveCfg = Debug|Any CPU
		{0F0633D4-070D-4C15-8090-98F4E5AF07B4}.CodeAnalysisDebug|x86.Build.0 = Debug|Any CPU
		{0F0633D4-070D-4C15-8090-98F4E5AF07B4}.Debug|Any CPU.ActiveCfg = Debug|Any CPU
		{0F0633D4-070D-4C15-8090-98F4E5AF07B4}.Debug|Any CPU.Build.0 = Debug|Any CPU
		{0F0633D4-070D-4C15-8090-98F4E5AF07B4}.Debug|Mixed Platforms.ActiveCfg = Debug|Any CPU
		{0F0633D4-070D-4C15-8090-98F4E5AF07B4}.Debug|Mixed Platforms.Build.0 = Debug|Any CPU
		{0F0633D4-070D-4C15-8090-98F4E5AF07B4}.Debug|x64.ActiveCfg = Debug|Any CPU
		{0F0633D4-070D-4C15-8090-98F4E5AF07B4}.Debug|x64.Build.0 = Debug|Any CPU
		{0F0633D4-070D-4C15-8090-98F4E5AF07B4}.Debug|x86.ActiveCfg = Debug|Any CPU
		{0F0633D4-070D-4C15-8090-98F4E5AF07B4}.Debug|x86.Build.0 = Debug|Any CPU
		{0F0633D4-070D-4C15-8090-98F4E5AF07B4}.Distribution|Any CPU.ActiveCfg = Debug|Any CPU
		{0F0633D4-070D-4C15-8090-98F4E5AF07B4}.Distribution|Any CPU.Build.0 = Debug|Any CPU
		{0F0633D4-070D-4C15-8090-98F4E5AF07B4}.Distribution|Mixed Platforms.ActiveCfg = Debug|Any CPU
		{0F0633D4-070D-4C15-8090-98F4E5AF07B4}.Distribution|Mixed Platforms.Build.0 = Debug|Any CPU
		{0F0633D4-070D-4C15-8090-98F4E5AF07B4}.Distribution|x64.ActiveCfg = Debug|Any CPU
		{0F0633D4-070D-4C15-8090-98F4E5AF07B4}.Distribution|x64.Build.0 = Debug|Any CPU
		{0F0633D4-070D-4C15-8090-98F4E5AF07B4}.Distribution|x86.ActiveCfg = Debug|Any CPU
		{0F0633D4-070D-4C15-8090-98F4E5AF07B4}.Distribution|x86.Build.0 = Debug|Any CPU
		{0F0633D4-070D-4C15-8090-98F4E5AF07B4}.Release|Any CPU.ActiveCfg = Release|Any CPU
		{0F0633D4-070D-4C15-8090-98F4E5AF07B4}.Release|Any CPU.Build.0 = Release|Any CPU
		{0F0633D4-070D-4C15-8090-98F4E5AF07B4}.Release|Mixed Platforms.ActiveCfg = Release|Any CPU
		{0F0633D4-070D-4C15-8090-98F4E5AF07B4}.Release|Mixed Platforms.Build.0 = Release|Any CPU
		{0F0633D4-070D-4C15-8090-98F4E5AF07B4}.Release|x64.ActiveCfg = Release|Any CPU
		{0F0633D4-070D-4C15-8090-98F4E5AF07B4}.Release|x64.Build.0 = Release|Any CPU
		{0F0633D4-070D-4C15-8090-98F4E5AF07B4}.Release|x86.ActiveCfg = Release|Any CPU
		{0F0633D4-070D-4C15-8090-98F4E5AF07B4}.Release|x86.Build.0 = Release|Any CPU
		{0F0633D4-070D-4C15-8090-98F4E5AF07B4}.Release64|Any CPU.ActiveCfg = Release|Any CPU
		{0F0633D4-070D-4C15-8090-98F4E5AF07B4}.Release64|Any CPU.Build.0 = Release|Any CPU
		{0F0633D4-070D-4C15-8090-98F4E5AF07B4}.Release64|Mixed Platforms.ActiveCfg = Release|Any CPU
		{0F0633D4-070D-4C15-8090-98F4E5AF07B4}.Release64|Mixed Platforms.Build.0 = Release|Any CPU
		{0F0633D4-070D-4C15-8090-98F4E5AF07B4}.Release64|x64.ActiveCfg = Release|Any CPU
		{0F0633D4-070D-4C15-8090-98F4E5AF07B4}.Release64|x64.Build.0 = Release|Any CPU
		{0F0633D4-070D-4C15-8090-98F4E5AF07B4}.Release64|x86.ActiveCfg = Release|Any CPU
		{0F0633D4-070D-4C15-8090-98F4E5AF07B4}.Release64|x86.Build.0 = Release|Any CPU
		{C6E36965-1B46-4943-9280-7FCABB2D667D}.CodeAnalysisDebug|Any CPU.ActiveCfg = Debug|Any CPU
		{C6E36965-1B46-4943-9280-7FCABB2D667D}.CodeAnalysisDebug|Any CPU.Build.0 = Debug|Any CPU
		{C6E36965-1B46-4943-9280-7FCABB2D667D}.CodeAnalysisDebug|Mixed Platforms.ActiveCfg = Debug|Any CPU
		{C6E36965-1B46-4943-9280-7FCABB2D667D}.CodeAnalysisDebug|Mixed Platforms.Build.0 = Debug|Any CPU
		{C6E36965-1B46-4943-9280-7FCABB2D667D}.CodeAnalysisDebug|x64.ActiveCfg = Debug|x64
		{C6E36965-1B46-4943-9280-7FCABB2D667D}.CodeAnalysisDebug|x64.Build.0 = Debug|x64
		{C6E36965-1B46-4943-9280-7FCABB2D667D}.CodeAnalysisDebug|x86.ActiveCfg = Debug|Any CPU
		{C6E36965-1B46-4943-9280-7FCABB2D667D}.CodeAnalysisDebug|x86.Build.0 = Debug|Any CPU
		{C6E36965-1B46-4943-9280-7FCABB2D667D}.Debug|Any CPU.ActiveCfg = Debug|Any CPU
		{C6E36965-1B46-4943-9280-7FCABB2D667D}.Debug|Any CPU.Build.0 = Debug|Any CPU
		{C6E36965-1B46-4943-9280-7FCABB2D667D}.Debug|Mixed Platforms.ActiveCfg = Debug|Any CPU
		{C6E36965-1B46-4943-9280-7FCABB2D667D}.Debug|Mixed Platforms.Build.0 = Debug|Any CPU
		{C6E36965-1B46-4943-9280-7FCABB2D667D}.Debug|x64.ActiveCfg = Debug|x64
		{C6E36965-1B46-4943-9280-7FCABB2D667D}.Debug|x64.Build.0 = Debug|x64
		{C6E36965-1B46-4943-9280-7FCABB2D667D}.Debug|x86.ActiveCfg = Debug|Any CPU
		{C6E36965-1B46-4943-9280-7FCABB2D667D}.Debug|x86.Build.0 = Debug|Any CPU
		{C6E36965-1B46-4943-9280-7FCABB2D667D}.Distribution|Any CPU.ActiveCfg = Distribution|Any CPU
		{C6E36965-1B46-4943-9280-7FCABB2D667D}.Distribution|Any CPU.Build.0 = Distribution|Any CPU
		{C6E36965-1B46-4943-9280-7FCABB2D667D}.Distribution|Mixed Platforms.ActiveCfg = Distribution|Any CPU
		{C6E36965-1B46-4943-9280-7FCABB2D667D}.Distribution|Mixed Platforms.Build.0 = Distribution|Any CPU
		{C6E36965-1B46-4943-9280-7FCABB2D667D}.Distribution|x64.ActiveCfg = Distribution|x64
		{C6E36965-1B46-4943-9280-7FCABB2D667D}.Distribution|x64.Build.0 = Distribution|x64
		{C6E36965-1B46-4943-9280-7FCABB2D667D}.Distribution|x86.ActiveCfg = Distribution|Any CPU
		{C6E36965-1B46-4943-9280-7FCABB2D667D}.Distribution|x86.Build.0 = Distribution|Any CPU
		{C6E36965-1B46-4943-9280-7FCABB2D667D}.Release|Any CPU.ActiveCfg = Release|Any CPU
		{C6E36965-1B46-4943-9280-7FCABB2D667D}.Release|Any CPU.Build.0 = Release|Any CPU
		{C6E36965-1B46-4943-9280-7FCABB2D667D}.Release|Mixed Platforms.ActiveCfg = Release|Any CPU
		{C6E36965-1B46-4943-9280-7FCABB2D667D}.Release|Mixed Platforms.Build.0 = Release|Any CPU
		{C6E36965-1B46-4943-9280-7FCABB2D667D}.Release|x64.ActiveCfg = Release|x64
		{C6E36965-1B46-4943-9280-7FCABB2D667D}.Release|x64.Build.0 = Release|x64
		{C6E36965-1B46-4943-9280-7FCABB2D667D}.Release|x86.ActiveCfg = Release|Any CPU
		{C6E36965-1B46-4943-9280-7FCABB2D667D}.Release|x86.Build.0 = Release|Any CPU
		{C6E36965-1B46-4943-9280-7FCABB2D667D}.Release64|Any CPU.ActiveCfg = Release64|Any CPU
		{C6E36965-1B46-4943-9280-7FCABB2D667D}.Release64|Any CPU.Build.0 = Release64|Any CPU
		{C6E36965-1B46-4943-9280-7FCABB2D667D}.Release64|Mixed Platforms.ActiveCfg = Release64|Any CPU
		{C6E36965-1B46-4943-9280-7FCABB2D667D}.Release64|Mixed Platforms.Build.0 = Release64|Any CPU
		{C6E36965-1B46-4943-9280-7FCABB2D667D}.Release64|x64.ActiveCfg = Release64|x64
		{C6E36965-1B46-4943-9280-7FCABB2D667D}.Release64|x64.Build.0 = Release64|x64
		{C6E36965-1B46-4943-9280-7FCABB2D667D}.Release64|x86.ActiveCfg = Release64|Any CPU
		{C6E36965-1B46-4943-9280-7FCABB2D667D}.Release64|x86.Build.0 = Release64|Any CPU
	EndGlobalSection
	GlobalSection(SolutionProperties) = preSolution
		HideSolutionNode = FALSE
	EndGlobalSection
EndGlobal
